
Microsoft Visual Studio Solution File, Format Version 12.00
# Visual Studio Version 17
VisualStudioVersion = 17.9.34607.119
MinimumVisualStudioVersion = 10.0.40219.1
Project("{9A19103F-16F7-4668-BE54-9A1E7A4F7556}") = "DAL", "DAL\DAL.csproj", "{932015FB-E302-4FFF-992A-ED87D3662C58}"
EndProject
Project("{9A19103F-16F7-4668-BE54-9A1E7A4F7556}") = "View", "View\View.csproj", "{148DCC2A-3CF2-44CF-8F1A-A5073DC79EED}"
EndProject
Global
	GlobalSection(SolutionConfigurationPlatforms) = preSolution
		Debug|Any CPU = Debug|Any CPU
		Release|Any CPU = Release|Any CPU
	EndGlobalSection
	GlobalSection(ProjectConfigurationPlatforms) = postSolution
		{932015FB-E302-4FFF-992A-ED87D3662C58}.Debug|Any CPU.ActiveCfg = Debug|Any CPU
		{932015FB-E302-4FFF-992A-ED87D3662C58}.Debug|Any CPU.Build.0 = Debug|Any CPU
		{932015FB-E302-4FFF-992A-ED87D3662C58}.Release|Any CPU.ActiveCfg = Release|Any CPU
		{932015FB-E302-4FFF-992A-ED87D3662C58}.Release|Any CPU.Build.0 = Release|Any CPU
		{148DCC2A-3CF2-44CF-8F1A-A5073DC79EED}.Debug|Any CPU.ActiveCfg = Debug|Any CPU
		{148DCC2A-3CF2-44CF-8F1A-A5073DC79EED}.Debug|Any CPU.Build.0 = Debug|Any CPU
		{148DCC2A-3CF2-44CF-8F1A-A5073DC79EED}.Release|Any CPU.ActiveCfg = Release|Any CPU
		{148DCC2A-3CF2-44CF-8F1A-A5073DC79EED}.Release|Any CPU.Build.0 = Release|Any CPU
	EndGlobalSection
	GlobalSection(SolutionProperties) = preSolution
		HideSolutionNode = FALSE
	EndGlobalSection
	GlobalSection(ExtensibilityGlobals) = postSolution
		SolutionGuid = {DBBB16C3-7FDA-4916-A7B1-9689062435FC}
	EndGlobalSection
EndGlobal
